
Microsoft Visual Studio Solution File, Format Version 12.00
# Visual Studio 2013
VisualStudioVersion = 12.0.21005.1
MinimumVisualStudioVersion = 10.0.40219.1
Project("{F2A71F9B-5D33-465A-A702-920D77279786}") = "YC.edu.Core", "YC.edu.Core\YC.edu.Core.fsproj", "{AA50F787-3623-452B-97E2-B6197FC27403}"
EndProject
Project("{F2A71F9B-5D33-465A-A702-920D77279786}") = "AlgoVisPage", "AlgoVisPage\AlgoVisPage.fsproj", "{241CBEB6-D264-41EF-A5E4-50C80B095A1A}"
EndProject
Global
	GlobalSection(SolutionConfigurationPlatforms) = preSolution
		Debug|Any CPU = Debug|Any CPU
		Release|Any CPU = Release|Any CPU
	EndGlobalSection
	GlobalSection(ProjectConfigurationPlatforms) = postSolution
		{AA50F787-3623-452B-97E2-B6197FC27403}.Debug|Any CPU.ActiveCfg = Debug|Any CPU
		{AA50F787-3623-452B-97E2-B6197FC27403}.Debug|Any CPU.Build.0 = Debug|Any CPU
		{AA50F787-3623-452B-97E2-B6197FC27403}.Release|Any CPU.ActiveCfg = Release|Any CPU
		{AA50F787-3623-452B-97E2-B6197FC27403}.Release|Any CPU.Build.0 = Release|Any CPU
		{241CBEB6-D264-41EF-A5E4-50C80B095A1A}.Debug|Any CPU.ActiveCfg = Debug|Any CPU
		{241CBEB6-D264-41EF-A5E4-50C80B095A1A}.Debug|Any CPU.Build.0 = Debug|Any CPU
		{241CBEB6-D264-41EF-A5E4-50C80B095A1A}.Release|Any CPU.ActiveCfg = Release|Any CPU
		{241CBEB6-D264-41EF-A5E4-50C80B095A1A}.Release|Any CPU.Build.0 = Release|Any CPU
	EndGlobalSection
	GlobalSection(SolutionProperties) = preSolution
		HideSolutionNode = FALSE
	EndGlobalSection
EndGlobal
